Microsoft Visual Studio Solution File, Format Version 12.00
# Visual Studio Version 17
VisualStudioVersion = 17.12.35521.163 d17.12
MinimumVisualStudioVersion = 10.0.40219.1
Project("{FAE04EC0-301F-11D3-BF4B-00C04F79EFBC}") = "AspireApp9.AppHost", "AspireApp9.AppHost\AspireApp9.AppHost.csproj", "{ED9BAA45-4B85-4DA1-9619-057C17FA393A}"
EndProject
Project("{FAE04EC0-301F-11D3-BF4B-00C04F79EFBC}") = "AspireApp9.ServiceDefaults", "AspireApp9.ServiceDefaults\AspireApp9.ServiceDefaults.csproj", "{9D7245C2-70BC-42B1-AA79-265BAFBFC0A9}"
EndProject
Project("{FAE04EC0-301F-11D3-BF4B-00C04F79EFBC}") = "AspireApp9.ApiService", "AspireApp9.ApiService\AspireApp9.ApiService.csproj", "{3156ABE7-93A6-43EE-B032-C38D0CF334C8}"
EndProject
Project("{FAE04EC0-301F-11D3-BF4B-00C04F79EFBC}") = "AspireApp9.Web", "AspireApp9.Web\AspireApp9.Web.csproj", "{5C172C2E-4AB7-484C-BBA5-F98ECEDE3A87}"
EndProject
Project("{FAE04EC0-301F-11D3-BF4B-00C04F79EFBC}") = "AspireApp9.SharedLib", "AspireApp9.SharedLib\AspireApp9.SharedLib.csproj", "{1A9C635B-8E9E-4ABE-AF70-4D2531C0554C}"
EndProject
Global
	GlobalSection(SolutionConfigurationPlatforms) = preSolution
		Debug|Any CPU = Debug|Any CPU
		Release|Any CPU = Release|Any CPU
	EndGlobalSection
	GlobalSection(ProjectConfigurationPlatforms) = postSolution
		{ED9BAA45-4B85-4DA1-9619-057C17FA393A}.Debug|Any CPU.ActiveCfg = Debug|Any CPU
		{ED9BAA45-4B85-4DA1-9619-057C17FA393A}.Debug|Any CPU.Build.0 = Debug|Any CPU
		{ED9BAA45-4B85-4DA1-9619-057C17FA393A}.Release|Any CPU.ActiveCfg = Release|Any CPU
		{ED9BAA45-4B85-4DA1-9619-057C17FA393A}.Release|Any CPU.Build.0 = Release|Any CPU
		{9D7245C2-70BC-42B1-AA79-265BAFBFC0A9}.Debug|Any CPU.ActiveCfg = Debug|Any CPU
		{9D7245C2-70BC-42B1-AA79-265BAFBFC0A9}.Debug|Any CPU.Build.0 = Debug|Any CPU
		{9D7245C2-70BC-42B1-AA79-265BAFBFC0A9}.Release|Any CPU.ActiveCfg = Release|Any CPU
		{9D7245C2-70BC-42B1-AA79-265BAFBFC0A9}.Release|Any CPU.Build.0 = Release|Any CPU
		{3156ABE7-93A6-43EE-B032-C38D0CF334C8}.Debug|Any CPU.ActiveCfg = Debug|Any CPU
		{3156ABE7-93A6-43EE-B032-C38D0CF334C8}.Debug|Any CPU.Build.0 = Debug|Any CPU
		{3156ABE7-93A6-43EE-B032-C38D0CF334C8}.Release|Any CPU.ActiveCfg = Release|Any CPU
		{3156ABE7-93A6-43EE-B032-C38D0CF334C8}.Release|Any CPU.Build.0 = Release|Any CPU
		{5C172C2E-4AB7-484C-BBA5-F98ECEDE3A87}.Debug|Any CPU.ActiveCfg = Debug|Any CPU
		{5C172C2E-4AB7-484C-BBA5-F98ECEDE3A87}.Debug|Any CPU.Build.0 = Debug|Any CPU
		{5C172C2E-4AB7-484C-BBA5-F98ECEDE3A87}.Release|Any CPU.ActiveCfg = Release|Any CPU
		{5C172C2E-4AB7-484C-BBA5-F98ECEDE3A87}.Release|Any CPU.Build.0 = Release|Any CPU
		{1A9C635B-8E9E-4ABE-AF70-4D2531C0554C}.Debug|Any CPU.ActiveCfg = Debug|Any CPU
		{1A9C635B-8E9E-4ABE-AF70-4D2531C0554C}.Debug|Any CPU.Build.0 = Debug|Any CPU
		{1A9C635B-8E9E-4ABE-AF70-4D2531C0554C}.Release|Any CPU.ActiveCfg = Release|Any CPU
		{1A9C635B-8E9E-4ABE-AF70-4D2531C0554C}.Release|Any CPU.Build.0 = Release|Any CPU
	EndGlobalSection
	GlobalSection(SolutionProperties) = preSolution
		HideSolutionNode = FALSE
	EndGlobalSection
EndGlobal
